// !$*UTF8*$!
{
	archiveVersion = 1;
	classes = {
	};
	objectVersion = 77;
	objects = {

/* Begin PBXContainerItemProxy section */
		C6E4AC2D2DD3170A0011E2DE /* PBXContainerItemProxy */ = {
			isa = PBXContainerItemProxy;
			containerPortal = C6E4AC122DD317060011E2DE /* Project object */;
			proxyType = 1;
			remoteGlobalIDString = C6E4AC192DD317070011E2DE;
			remoteInfo = Kanji;
		};
		C6E4AC372DD3170A0011E2DE /* PBXContainerItemProxy */ = {
			isa = PBXContainerItemProxy;
			containerPortal = C6E4AC122DD317060011E2DE /* Project object */;
			proxyType = 1;
			remoteGlobalIDString = C6E4AC192DD317070011E2DE;
			remoteInfo = Kanji;
		};
/* End PBXContainerItemProxy section */

/* Begin PBXFileReference section */
		C6E4AC1A2DD317070011E2DE /* Kanji.app */ = {isa = PBXFileReference; explicitFileType = wrapper.application; includeInIndex = 0; path = Kanji.app; sourceTree = BUILT_PRODUCTS_DIR; };
		C6E4AC2C2DD3170A0011E2DE /* KanjiTests.xctest */ = {isa = PBXFileReference; explicitFileType = wrapper.cfbundle; includeInIndex = 0; path = KanjiTests.xctest; sourceTree = BUILT_PRODUCTS_DIR; };
		C6E4AC362DD3170A0011E2DE /* KanjiUITests.xctest */ = {isa = PBXFileReference; explicitFileType = wrapper.cfbundle; includeInIndex = 0; path = KanjiUITests.xctest; sourceTree = BUILT_PRODUCTS_DIR; };
/* End PBXFileReference section */

/* Begin PBXFileSystemSynchronizedRootGroup section */
		C6E4AC1C2DD317070011E2DE /* Kanji */ = {
			isa = PBXFileSystemSynchronizedRootGroup;
			path = Kanji;
			sourceTree = "<group>";
		};
		C6E4AC2F2DD3170A0011E2DE /* KanjiTests */ = {
			isa = PBXFileSystemSynchronizedRootGroup;
			path = KanjiTests;
			sourceTree = "<group>";
		};
		C6E4AC392DD3170A0011E2DE /* KanjiUITests */ = {
			isa = PBXFileSystemSynchronizedRootGroup;
			path = KanjiUITests;
			sourceTree = "<group>";
		};
/* End PBXFileSystemSynchronizedRootGroup section */

/* Begin PBXFrameworksBuildPhase section */
		C6E4AC172DD317070011E2DE /* Frameworks */ = {
			isa = PBXFrameworksBuildPhase;
			buildActionMask = 2147483647;
			files = (
			);
			runOnlyForDeploymentPostprocessing = 0;
		};
		C6E4AC292DD3170A0011E2DE /* Frameworks */ = {
			isa = PBXFrameworksBuildPhase;
			buildActionMask = 2147483647;
			files = (
			);
			runOnlyForDeploymentPostprocessing = 0;
		};
		C6E4AC332DD3170A0011E2DE /* Frameworks */ = {
			isa = PBXFrameworksBuildPhase;
			buildActionMask = 2147483647;
			files = (
			);
			runOnlyForDeploymentPostprocessing = 0;
		};
/* End PBXFrameworksBuildPhase section */

/* Begin PBXGroup section */
		C6E4AC112DD317060011E2DE = {
			isa = PBXGroup;
			children = (
				C6E4AC1C2DD317070011E2DE /* Kanji */,
				C6E4AC2F2DD3170A0011E2DE /* KanjiTests */,
				C6E4AC392DD3170A0011E2DE /* KanjiUITests */,
				C6E4AC1B2DD317070011E2DE /* Products */,
			);
			sourceTree = "<group>";
		};
		C6E4AC1B2DD317070011E2DE /* Products */ = {
			isa = PBXGroup;
			children = (
				C6E4AC1A2DD317070011E2DE /* Kanji.app */,
				C6E4AC2C2DD3170A0011E2DE /* KanjiTests.xctest */,
				C6E4AC362DD3170A0011E2DE /* KanjiUITests.xctest */,
			);
			name = Products;
			sourceTree = "<group>";
		};
/* End PBXGroup section */

/* Begin PBXNativeTarget section */
		C6E4AC192DD317070011E2DE /* Kanji */ = {
			isa = PBXNativeTarget;
			buildConfigurationList = C6E4AC402DD3170A0011E2DE /* Build configuration list for PBXNativeTarget "Kanji" */;
			buildPhases = (
				C6E4AC162DD317070011E2DE /* Sources */,
				C6E4AC172DD317070011E2DE /* Frameworks */,
				C6E4AC182DD317070011E2DE /* Resources */,
			);
			buildRules = (
			);
			dependencies = (
			);
			fileSystemSynchronizedGroups = (
				C6E4AC1C2DD317070011E2DE /* Kanji */,
			);
			name = Kanji;
			packageProductDependencies = (
			);
			productName = Kanji;
			productReference = C6E4AC1A2DD317070011E2DE /* Kanji.app */;
			productType = "com.apple.product-type.application";
		};
		C6E4AC2B2DD3170A0011E2DE /* KanjiTests */ = {
			isa = PBXNativeTarget;
			buildConfigurationList = C6E4AC432DD3170A0011E2DE /* Build configuration list for PBXNativeTarget "KanjiTests" */;
			buildPhases = (
				C6E4AC282DD3170A0011E2DE /* Sources */,
				C6E4AC292DD3170A0011E2DE /* Frameworks */,
				C6E4AC2A2DD3170A0011E2DE /* Resources */,
			);
			buildRules = (
			);
			dependencies = (
				C6E4AC2E2DD3170A0011E2DE /* PBXTargetDependency */,
			);
			fileSystemSynchronizedGroups = (
				C6E4AC2F2DD3170A0011E2DE /* KanjiTests */,
			);
			name = KanjiTests;
			packageProductDependencies = (
			);
			productName = KanjiTests;
			productReference = C6E4AC2C2DD3170A0011E2DE /* KanjiTests.xctest */;
			productType = "com.apple.product-type.bundle.unit-test";
		};
		C6E4AC352DD3170A0011E2DE /* KanjiUITests */ = {
			isa = PBXNativeTarget;
			buildConfigurationList = C6E4AC462DD3170A0011E2DE /* Build configuration list for PBXNativeTarget "KanjiUITests" */;
			buildPhases = (
				C6E4AC322DD3170A0011E2DE /* Sources */,
				C6E4AC332DD3170A0011E2DE /* Frameworks */,
				C6E4AC342DD3170A0011E2DE /* Resources */,
			);
			buildRules = (
			);
			dependencies = (
				C6E4AC382DD3170A0011E2DE /* PBXTargetDependency */,
			);
			fileSystemSynchronizedGroups = (
				C6E4AC392DD3170A0011E2DE /* KanjiUITests */,
			);
			name = KanjiUITests;
			packageProductDependencies = (
			);
			productName = KanjiUITests;
			productReference = C6E4AC362DD3170A0011E2DE /* KanjiUITests.xctest */;
			productType = "com.apple.product-type.bundle.ui-testing";
		};
/* End PBXNativeTarget section */

/* Begin PBXProject section */
		C6E4AC122DD317060011E2DE /* Project object */ = {
			isa = PBXProject;
			attributes = {
				BuildIndependentTargetsInParallel = 1;
				LastSwiftUpdateCheck = 1620;
				LastUpgradeCheck = 1620;
				TargetAttributes = {
					C6E4AC192DD317070011E2DE = {
						CreatedOnToolsVersion = 16.2;
					};
					C6E4AC2B2DD3170A0011E2DE = {
						CreatedOnToolsVersion = 16.2;
						TestTargetID = C6E4AC192DD317070011E2DE;
					};
					C6E4AC352DD3170A0011E2DE = {
						CreatedOnToolsVersion = 16.2;
						TestTargetID = C6E4AC192DD317070011E2DE;
					};
				};
			};
			buildConfigurationList = C6E4AC152DD317060011E2DE /* Build configuration list for PBXProject "Kanji" */;
			developmentRegion = en;
			hasScannedForEncodings = 0;
			knownRegions = (
				en,
				Base,
			);
			mainGroup = C6E4AC112DD317060011E2DE;
			minimizedProjectReferenceProxies = 1;
			preferredProjectObjectVersion = 77;
			productRefGroup = C6E4AC1B2DD317070011E2DE /* Products */;
			projectDirPath = "";
			projectRoot = "";
			targets = (
				C6E4AC192DD317070011E2DE /* Kanji */,
				C6E4AC2B2DD3170A0011E2DE /* KanjiTests */,
				C6E4AC352DD3170A0011E2DE /* KanjiUITests */,
			);
		};
/* End PBXProject section */

/* Begin PBXResourcesBuildPhase section */
		C6E4AC182DD317070011E2DE /* Resources */ = {
			isa = PBXResourcesBuildPhase;
			buildActionMask = 2147483647;
			files = (
			);
			runOnlyForDeploymentPostprocessing = 0;
		};
		C6E4AC2A2DD3170A0011E2DE /* Resources */ = {
			isa = PBXResourcesBuildPhase;
			buildActionMask = 2147483647;
			files = (
			);
			runOnlyForDeploymentPostprocessing = 0;
		};
		C6E4AC342DD3170A0011E2DE /* Resources */ = {
			isa = PBXResourcesBuildPhase;
			buildActionMask = 2147483647;
			files = (
			);
			runOnlyForDeploymentPostprocessing = 0;
		};
/* End PBXResourcesBuildPhase section */

/* Begin PBXSourcesBuildPhase section */
		C6E4AC162DD317070011E2DE /* Sources */ = {
			isa = PBXSourcesBuildPhase;
			buildActionMask = 2147483647;
			files = (
			);
			runOnlyForDeploymentPostprocessing = 0;
		};
		C6E4AC282DD3170A0011E2DE /* Sources */ = {
			isa = PBXSourcesBuildPhase;
			buildActionMask = 2147483647;
			files = (
			);
			runOnlyForDeploymentPostprocessing = 0;
		};
		C6E4AC322DD3170A0011E2DE /* Sources */ = {
			isa = PBXSourcesBuildPhase;
			buildActionMask = 2147483647;
			files = (
			);
			runOnlyForDeploymentPostprocessing = 0;
		};
/* End PBXSourcesBuildPhase section */

/* Begin PBXTargetDependency section */
		C6E4AC2E2DD3170A0011E2DE /* PBXTargetDependency */ = {
			isa = PBXTargetDependency;
			target = C6E4AC192DD317070011E2DE /* Kanji */;
			targetProxy = C6E4AC2D2DD3170A0011E2DE /* PBXContainerItemProxy */;
		};
		C6E4AC382DD3170A0011E2DE /* PBXTargetDependency */ = {
			isa = PBXTargetDependency;
			target = C6E4AC192DD317070011E2DE /* Kanji */;
			targetProxy = C6E4AC372DD3170A0011E2DE /* PBXContainerItemProxy */;
		};
/* End PBXTargetDependency section */

/* Begin XCBuildConfiguration section */
		C6E4AC3E2DD3170A0011E2DE /* Debug */ = {
			isa = XCBuildConfiguration;
			buildSettings = {
				ALWAYS_SEARCH_USER_PATHS = NO;
				ASSETCATALOG_COMPILER_GENERATE_SWIFT_ASSET_SYMBOL_EXTENSIONS = YES;
				CLANG_ANALYZER_NONNULL = YES;
				CLANG_ANALYZER_NUMBER_OBJECT_CONVERSION = YES_AGGRESSIVE;
				CLANG_CXX_LANGUAGE_STANDARD = "gnu++20";
				CLANG_ENABLE_MODULES = YES;
				CLANG_ENABLE_OBJC_ARC = YES;
				CLANG_ENABLE_OBJC_WEAK = YES;
				CLANG_WARN_BLOCK_CAPTURE_AUTORELEASING = YES;
				CLANG_WARN_BOOL_CONVERSION = YES;
				CLANG_WARN_COMMA = YES;
				CLANG_WARN_CONSTANT_CONVERSION = YES;
				CLANG_WARN_DEPRECATED_OBJC_IMPLEMENTATIONS = YES;
				CLANG_WARN_DIRECT_OBJC_ISA_USAGE = YES_ERROR;
				CLANG_WARN_DOCUMENTATION_COMMENTS = YES;
				CLANG_WARN_EMPTY_BODY = YES;
				CLANG_WARN_ENUM_CONVERSION = YES;
				CLANG_WARN_INFINITE_RECURSION = YES;
				CLANG_WARN_INT_CONVERSION = YES;
				CLANG_WARN_NON_LITERAL_NULL_CONVERSION = YES;
				CLANG_WARN_OBJC_IMPLICIT_RETAIN_SELF = YES;
				CLANG_WARN_OBJC_LITERAL_CONVERSION = YES;
				CLANG_WARN_OBJC_ROOT_CLASS = YES_ERROR;
				CLANG_WARN_QUOTED_INCLUDE_IN_FRAMEWORK_HEADER = YES;
				CLANG_WARN_RANGE_LOOP_ANALYSIS = YES;
				CLANG_WARN_STRICT_PROTOTYPES = YES;
				CLANG_WARN_SUSPICIOUS_MOVE = YES;
				CLANG_WARN_UNGUARDED_AVAILABILITY = YES_AGGRESSIVE;
				CLANG_WARN_UNREACHABLE_CODE = YES;
				CLANG_WARN__DUPLICATE_METHOD_MATCH = YES;
				COPY_PHASE_STRIP = NO;
				DEBUG_INFORMATION_FORMAT = dwarf;
				ENABLE_STRICT_OBJC_MSGSEND = YES;
				ENABLE_TESTABILITY = YES;
				ENABLE_USER_SCRIPT_SANDBOXING = YES;
				GCC_C_LANGUAGE_STANDARD = gnu17;
				GCC_DYNAMIC_NO_PIC = NO;
				GCC_NO_COMMON_BLOCKS = YES;
				GCC_OPTIMIZATION_LEVEL = 0;
				GCC_PREPROCESSOR_DEFINITIONS = (
					"DEBUG=1",
					"$(inherited)",
				);
				GCC_WARN_64_TO_32_BIT_CONVERSION = YES;
				GCC_WARN_ABOUT_RETURN_TYPE = YES_ERROR;
				GCC_WARN_UNDECLARED_SELECTOR = YES;
				GCC_WARN_UNINITIALIZED_AUTOS = YES_AGGRESSIVE;
				GCC_WARN_UNUSED_FUNCTION = YES;
				GCC_WARN_UNUSED_VARIABLE = YES;
				IPHONEOS_DEPLOYMENT_TARGET = 18.2;
				LOCALIZATION_PREFERS_STRING_CATALOGS = YES;
				MTL_ENABLE_DEBUG_INFO = INCLUDE_SOURCE;
				MTL_FAST_MATH = YES;
				ONLY_ACTIVE_ARCH = YES;
				SDKROOT = iphoneos;
				SWIFT_ACTIVE_COMPILATION_CONDITIONS = "DEBUG $(inherited)";
				SWIFT_OPTIMIZATION_LEVEL = "-Onone";
			};
			name = Debug;
		};
		C6E4AC3F2DD3170A0011E2DE /* Release */ = {
			isa = XCBuildConfiguration;
			buildSettings = {
				ALWAYS_SEARCH_USER_PATHS = NO;
				ASSETCATALOG_COMPILER_GENERATE_SWIFT_ASSET_SYMBOL_EXTENSIONS = YES;
				CLANG_ANALYZER_NONNULL = YES;
				CLANG_ANALYZER_NUMBER_OBJECT_CONVERSION = YES_AGGRESSIVE;
				CLANG_CXX_LANGUAGE_STANDARD = "gnu++20";
				CLANG_ENABLE_MODULES = YES;
				CLANG_ENABLE_OBJC_ARC = YES;
				CLANG_ENABLE_OBJC_WEAK = YES;
				CLANG_WARN_BLOCK_CAPTURE_AUTORELEASING = YES;
				CLANG_WARN_BOOL_CONVERSION = YES;
				CLANG_WARN_COMMA = YES;
				CLANG_WARN_CONSTANT_CONVERSION = YES;
				CLANG_WARN_DEPRECATED_OBJC_IMPLEMENTATIONS = YES;
				CLANG_WARN_DIRECT_OBJC_ISA_USAGE = YES_ERROR;
				CLANG_WARN_DOCUMENTATION_COMMENTS = YES;
				CLANG_WARN_EMPTY_BODY = YES;
				CLANG_WARN_ENUM_CONVERSION = YES;
				CLANG_WARN_INFINITE_RECURSION = YES;
				CLANG_WARN_INT_CONVERSION = YES;
				CLANG_WARN_NON_LITERAL_NULL_CONVERSION = YES;
				CLANG_WARN_OBJC_IMPLICIT_RETAIN_SELF = YES;
				CLANG_WARN_OBJC_LITERAL_CONVERSION = YES;
				CLANG_WARN_OBJC_ROOT_CLASS = YES_ERROR;
				CLANG_WARN_QUOTED_INCLUDE_IN_FRAMEWORK_HEADER = YES;
				CLANG_WARN_RANGE_LOOP_ANALYSIS = YES;
				CLANG_WARN_STRICT_PROTOTYPES = YES;
				CLANG_WARN_SUSPICIOUS_MOVE = YES;
				CLANG_WARN_UNGUARDED_AVAILABILITY = YES_AGGRESSIVE;
				CLANG_WARN_UNREACHABLE_CODE = YES;
				CLANG_WARN__DUPLICATE_METHOD_MATCH = YES;
				COPY_PHASE_STRIP = NO;
				DEBUG_INFORMATION_FORMAT = "dwarf-with-dsym";
				ENABLE_NS_ASSERTIONS = NO;
				ENABLE_STRICT_OBJC_MSGSEND = YES;
				ENABLE_USER_SCRIPT_SANDBOXING = YES;
				GCC_C_LANGUAGE_STANDARD = gnu17;
				GCC_NO_COMMON_BLOCKS = YES;
				GCC_WARN_64_TO_32_BIT_CONVERSION = YES;
				GCC_WARN_ABOUT_RETURN_TYPE = YES_ERROR;
				GCC_WARN_UNDECLARED_SELECTOR = YES;
				GCC_WARN_UNINITIALIZED_AUTOS = YES_AGGRESSIVE;
				GCC_WARN_UNUSED_FUNCTION = YES;
				GCC_WARN_UNUSED_VARIABLE = YES;
				IPHONEOS_DEPLOYMENT_TARGET = 18.2;
				LOCALIZATION_PREFERS_STRING_CATALOGS = YES;
				MTL_ENABLE_DEBUG_INFO = NO;
				MTL_FAST_MATH = YES;
				SDKROOT = iphoneos;
				SWIFT_COMPILATION_MODE = wholemodule;
				VALIDATE_PRODUCT = YES;
			};
			name = Release;
		};
		C6E4AC412DD3170A0011E2DE /* Debug */ = {
			isa = XCBuildConfiguration;
			buildSettings = {
				ASSETCATALOG_COMPILER_APPICON_NAME = AppIcon;
				ASSETCATALOG_COMPILER_GLOBAL_ACCENT_COLOR_NAME = AccentColor;
				CODE_SIGN_STYLE = Automatic;
				CURRENT_PROJECT_VERSION = 1;
				DEVELOPMENT_ASSET_PATHS = "\"Kanji/Preview Content\"";
				DEVELOPMENT_TEAM = 9WLS2QD6QU;
				ENABLE_PREVIEWS = YES;
				GENERATE_INFOPLIST_FILE = YES;
				INFOPLIST_KEY_UIApplicationSceneManifest_Generation = YES;
				INFOPLIST_KEY_UIApplicationSupportsIndirectInputEvents = YES;
				INFOPLIST_KEY_UILaunchScreen_Generation = YES;
				INFOPLIST_KEY_UISupportedInterfaceOrientations_iPad = "UIInterfaceOrientationPortrait UIInterfaceOrientationPortraitUpsideDown UIInterfaceOrientationLandscapeLeft UIInterfaceOrientationLandscapeRight";
				INFOPLIST_KEY_UISupportedInterfaceOrientations_iPhone = "UIInterfaceOrientationPortrait UIInterfaceOrientationLandscapeLeft UIInterfaceOrientationLandscapeRight";
				LD_RUNPATH_SEARCH_PATHS = (
					"$(inherited)",
					"@executable_path/Frameworks",
				);
				MARKETING_VERSION = 1.0;
				PRODUCT_BUNDLE_IDENTIFIER = com.Ar4Rein.Kanji;
				PRODUCT_NAME = "$(TARGET_NAME)";
				SWIFT_EMIT_LOC_STRINGS = YES;
				SWIFT_VERSION = 5.0;
				TARGETED_DEVICE_FAMILY = "1,2";
			};
			name = Debug;
		};
		C6E4AC422DD3170A0011E2DE /* Release */ = {
			isa = XCBuildConfiguration;
			buildSettings = {
				ASSETCATALOG_COMPILER_APPICON_NAME = AppIcon;
				ASSETCATALOG_COMPILER_GLOBAL_ACCENT_COLOR_NAME = AccentColor;
				CODE_SIGN_STYLE = Automatic;
				CURRENT_PROJECT_VERSION = 1;
				DEVELOPMENT_ASSET_PATHS = "\"Kanji/Preview Content\"";
				DEVELOPMENT_TEAM = 9WLS2QD6QU;
				ENABLE_PREVIEWS = YES;
				GENERATE_INFOPLIST_FILE = YES;
				INFOPLIST_KEY_UIApplicationSceneManifest_Generation = YES;
				INFOPLIST_KEY_UIApplicationSupportsIndirectInputEvents = YES;
				INFOPLIST_KEY_UILaunchScreen_Generation = YES;
				INFOPLIST_KEY_UISupportedInterfaceOrientations_iPad = "UIInterfaceOrientationPortrait UIInterfaceOrientationPortraitUpsideDown UIInterfaceOrientationLandscapeLeft UIInterfaceOrientationLandscapeRight";
				INFOPLIST_KEY_UISupportedInterfaceOrientations_iPhone = "UIInterfaceOrientationPortrait UIInterfaceOrientationLandscapeLeft UIInterfaceOrientationLandscapeRight";
				LD_RUNPATH_SEARCH_PATHS = (
					"$(inherited)",
					"@executable_path/Frameworks",
				);
				MARKETING_VERSION = 1.0;
				PRODUCT_BUNDLE_IDENTIFIER = com.Ar4Rein.Kanji;
				PRODUCT_NAME = "$(TARGET_NAME)";
				SWIFT_EMIT_LOC_STRINGS = YES;
				SWIFT_VERSION = 5.0;
				TARGETED_DEVICE_FAMILY = "1,2";
			};
			name = Release;
		};
		C6E4AC442DD3170A0011E2DE /* Debug */ = {
			isa = XCBuildConfiguration;
			buildSettings = {
				BUNDLE_LOADER = "$(TEST_HOST)";
				CODE_SIGN_STYLE = Automatic;
				CURRENT_PROJECT_VERSION = 1;
				DEVELOPMENT_TEAM = 9WLS2QD6QU;
				GENERATE_INFOPLIST_FILE = YES;
				IPHONEOS_DEPLOYMENT_TARGET = 18.2;
				MARKETING_VERSION = 1.0;
				PRODUCT_BUNDLE_IDENTIFIER = com.Ar4Rein.KanjiTests;
				PRODUCT_NAME = "$(TARGET_NAME)";
				SWIFT_EMIT_LOC_STRINGS = NO;
				SWIFT_VERSION = 5.0;
				TARGETED_DEVICE_FAMILY = "1,2";
				TEST_HOST = "$(BUILT_PRODUCTS_DIR)/Kanji.app/$(BUNDLE_EXECUTABLE_FOLDER_PATH)/Kanji";
			};
			name = Debug;
		};
		C6E4AC452DD3170A0011E2DE /* Release */ = {
			isa = XCBuildConfiguration;
			buildSettings = {
				BUNDLE_LOADER = "$(TEST_HOST)";
				CODE_SIGN_STYLE = Automatic;
				CURRENT_PROJECT_VERSION = 1;
				DEVELOPMENT_TEAM = 9WLS2QD6QU;
				GENERATE_INFOPLIST_FILE = YES;
				IPHONEOS_DEPLOYMENT_TARGET = 18.2;
				MARKETING_VERSION = 1.0;
				PRODUCT_BUNDLE_IDENTIFIER = com.Ar4Rein.KanjiTests;
				PRODUCT_NAME = "$(TARGET_NAME)";
				SWIFT_EMIT_LOC_STRINGS = NO;
				SWIFT_VERSION = 5.0;
				TARGETED_DEVICE_FAMILY = "1,2";
				TEST_HOST = "$(BUILT_PRODUCTS_DIR)/Kanji.app/$(BUNDLE_EXECUTABLE_FOLDER_PATH)/Kanji";
			};
			name = Release;
		};
		C6E4AC472DD3170A0011E2DE /* Debug */ = {
			isa = XCBuildConfiguration;
			buildSettings = {
				CODE_SIGN_STYLE = Automatic;
				CURRENT_PROJECT_VERSION = 1;
				DEVELOPMENT_TEAM = 9WLS2QD6QU;
				GENERATE_INFOPLIST_FILE = YES;
				MARKETING_VERSION = 1.0;
				PRODUCT_BUNDLE_IDENTIFIER = com.Ar4Rein.KanjiUITests;
				PRODUCT_NAME = "$(TARGET_NAME)";
				SWIFT_EMIT_LOC_STRINGS = NO;
				SWIFT_VERSION = 5.0;
				TARGETED_DEVICE_FAMILY = "1,2";
				TEST_TARGET_NAME = Kanji;
			};
			name = Debug;
		};
		C6E4AC482DD3170A0011E2DE /* Release */ = {
			isa = XCBuildConfiguration;
			buildSettings = {
				CODE_SIGN_STYLE = Automatic;
				CURRENT_PROJECT_VERSION = 1;
				DEVELOPMENT_TEAM = 9WLS2QD6QU;
				GENERATE_INFOPLIST_FILE = YES;
				MARKETING_VERSION = 1.0;
				PRODUCT_BUNDLE_IDENTIFIER = com.Ar4Rein.KanjiUITests;
				PRODUCT_NAME = "$(TARGET_NAME)";
				SWIFT_EMIT_LOC_STRINGS = NO;
				SWIFT_VERSION = 5.0;
				TARGETED_DEVICE_FAMILY = "1,2";
				TEST_TARGET_NAME = Kanji;
			};
			name = Release;
		};
/* End XCBuildConfiguration section */

/* Begin XCConfigurationList section */
		C6E4AC152DD317060011E2DE /* Build configuration list for PBXProject "Kanji" */ = {
			isa = XCConfigurationList;
			buildConfigurations = (
				C6E4AC3E2DD3170A0011E2DE /* Debug */,
				C6E4AC3F2DD3170A0011E2DE /* Release */,
			);
			defaultConfigurationIsVisible = 0;
			defaultConfigurationName = Release;
		};
		C6E4AC402DD3170A0011E2DE /* Build configuration list for PBXNativeTarget "Kanji" */ = {
			isa = XCConfigurationList;
			buildConfigurations = (
				C6E4AC412DD3170A0011E2DE /* Debug */,
				C6E4AC422DD3170A0011E2DE /* Release */,
			);
			defaultConfigurationIsVisible = 0;
			defaultConfigurationName = Release;
		};
		C6E4AC432DD3170A0011E2DE /* Build configuration list for PBXNativeTarget "KanjiTests" */ = {
			isa = XCConfigurationList;
			buildConfigurations = (
				C6E4AC442DD3170A0011E2DE /* Debug */,
				C6E4AC452DD3170A0011E2DE /* Release */,
			);
			defaultConfigurationIsVisible = 0;
			defaultConfigurationName = Release;
		};
		C6E4AC462DD3170A0011E2DE /* Build configuration list for PBXNativeTarget "KanjiUITests" */ = {
			isa = XCConfigurationList;
			buildConfigurations = (
				C6E4AC472DD3170A0011E2DE /* Debug */,
				C6E4AC482DD3170A0011E2DE /* Release */,
			);
			defaultConfigurationIsVisible = 0;
			defaultConfigurationName = Release;
		};
/* End XCConfigurationList section */
	};
	rootObject = C6E4AC122DD317060011E2DE /* Project object */;
}
